// !$*UTF8*$!
{
	archiveVersion = 1;
	classes = {
	};
	objectVersion = 46;
	objects = {

/* Begin PBXBuildFile section */
		74C53FC61F3360ED00FEF80E /* HHZApplicationTool.m in Sources */ = {isa = PBXBuildFile; fileRef = 74C53F7B1F3360ED00FEF80E /* HHZApplicationTool.m */; };
		74C53FC71F3360ED00FEF80E /* HHZArchiveTool.m in Sources */ = {isa = PBXBuildFile; fileRef = 74C53F7E1F3360ED00FEF80E /* HHZArchiveTool.m */; };
		74C53FC81F3360ED00FEF80E /* HHZCalculateTool.m in Sources */ = {isa = PBXBuildFile; fileRef = 74C53F811F3360ED00FEF80E /* HHZCalculateTool.m */; };
		74C53FC91F3360ED00FEF80E /* HHZCookieGenerateUtil.m in Sources */ = {isa = PBXBuildFile; fileRef = 74C53F841F3360ED00FEF80E /* HHZCookieGenerateUtil.m */; };
		74C53FCA1F3360ED00FEF80E /* HHZDateTool.m in Sources */ = {isa = PBXBuildFile; fileRef = 74C53F871F3360ED00FEF80E /* HHZDateTool.m */; };
		74C53FCB1F3360ED00FEF80E /* HHZDateTool_Format.m in Sources */ = {isa = PBXBuildFile; fileRef = 74C53F891F3360ED00FEF80E /* HHZDateTool_Format.m */; };
		74C53FCC1F3360ED00FEF80E /* HHZDateToolFactory.m in Sources */ = {isa = PBXBuildFile; fileRef = 74C53F8B1F3360ED00FEF80E /* HHZDateToolFactory.m */; };
		74C53FCD1F3360ED00FEF80E /* HHZDeviceTool.m in Sources */ = {isa = PBXBuildFile; fileRef = 74C53F8E1F3360ED00FEF80E /* HHZDeviceTool.m */; };
		74C53FCE1F3360ED00FEF80E /* GTMBase64.m in Sources */ = {isa = PBXBuildFile; fileRef = 74C53F921F3360ED00FEF80E /* GTMBase64.m */; };
		74C53FCF1F3360ED00FEF80E /* HHZAESEncryption.m in Sources */ = {isa = PBXBuildFile; fileRef = 74C53F951F3360ED00FEF80E /* HHZAESEncryption.m */; };
		74C53FD01F3360ED00FEF80E /* HHZBase64Encrption.m in Sources */ = {isa = PBXBuildFile; fileRef = 74C53F971F3360ED00FEF80E /* HHZBase64Encrption.m */; };
		74C53FD11F3360ED00FEF80E /* HHZDESEncryption.m in Sources */ = {isa = PBXBuildFile; fileRef = 74C53F991F3360ED00FEF80E /* HHZDESEncryption.m */; };
		74C53FD21F3360ED00FEF80E /* HHZEncrptionFactory.m in Sources */ = {isa = PBXBuildFile; fileRef = 74C53F9B1F3360ED00FEF80E /* HHZEncrptionFactory.m */; };
		74C53FD31F3360ED00FEF80E /* HHZMD5Encryption.m in Sources */ = {isa = PBXBuildFile; fileRef = 74C53F9D1F3360ED00FEF80E /* HHZMD5Encryption.m */; };
		74C53FD41F3360ED00FEF80E /* HHZMethodException.m in Sources */ = {isa = PBXBuildFile; fileRef = 74C53FA01F3360ED00FEF80E /* HHZMethodException.m */; };
		74C53FD51F3360ED00FEF80E /* HHZFileHashTool.m in Sources */ = {isa = PBXBuildFile; fileRef = 74C53FA31F3360ED00FEF80E /* HHZFileHashTool.m */; };
		74C53FD61F3360ED00FEF80E /* HHZReachabilityTool.m in Sources */ = {isa = PBXBuildFile; fileRef = 74C53FA61F3360ED00FEF80E /* HHZReachabilityTool.m */; };
		74C53FD71F3360ED00FEF80E /* HHZIQKeyboardManagerTool.m in Sources */ = {isa = PBXBuildFile; fileRef = 74C53FA91F3360ED00FEF80E /* HHZIQKeyboardManagerTool.m */; };
		74C53FD81F3360ED00FEF80E /* HHZJSONTool.m in Sources */ = {isa = PBXBuildFile; fileRef = 74C53FAC1F3360ED00FEF80E /* HHZJSONTool.m */; };
		74C53FD91F3360ED00FEF80E /* HHZKitTool.m in Sources */ = {isa = PBXBuildFile; fileRef = 74C53FAF1F3360ED00FEF80E /* HHZKitTool.m */; };
		74C53FDA1F3360ED00FEF80E /* HHZMapTool.m in Sources */ = {isa = PBXBuildFile; fileRef = 74C53FB11F3360ED00FEF80E /* HHZMapTool.m */; };
		74C53FDB1F3360ED00FEF80E /* HHZPathTool.m in Sources */ = {isa = PBXBuildFile; fileRef = 74C53FB31F3360ED00FEF80E /* HHZPathTool.m */; };
		74C53FDC1F3360ED00FEF80E /* HHZLoggerTool.m in Sources */ = {isa = PBXBuildFile; fileRef = 74C53FB61F3360ED00FEF80E /* HHZLoggerTool.m */; };
		74C53FDD1F3360ED00FEF80E /* HHZNumericalTool.m in Sources */ = {isa = PBXBuildFile; fileRef = 74C53FB91F3360ED00FEF80E /* HHZNumericalTool.m */; };
		74C53FDE1F3360ED00FEF80E /* HHZPlistTool.m in Sources */ = {isa = PBXBuildFile; fileRef = 74C53FBC1F3360ED00FEF80E /* HHZPlistTool.m */; };
		74C53FDF1F3360ED00FEF80E /* HHZRegularTool.m in Sources */ = {isa = PBXBuildFile; fileRef = 74C53FBF1F3360ED00FEF80E /* HHZRegularTool.m */; };
		74C53FE01F3360ED00FEF80E /* HHZThreadSafeArray.m in Sources */ = {isa = PBXBuildFile; fileRef = 74C53FC31F3360ED00FEF80E /* HHZThreadSafeArray.m */; };
		74C53FE11F3360ED00FEF80E /* HHZThreadSafeDictionary.m in Sources */ = {isa = PBXBuildFile; fileRef = 74C53FC51F3360ED00FEF80E /* HHZThreadSafeDictionary.m */; };
		74C53FE41F33611D00FEF80E /* HHZSectionIndexTool.m in Sources */ = {isa = PBXBuildFile; fileRef = 74C53FE31F33611D00FEF80E /* HHZSectionIndexTool.m */; };
		74E942201EF7E4BF00A9152B /* main.m in Sources */ = {isa = PBXBuildFile; fileRef = 74E9421F1EF7E4BF00A9152B /* main.m */; };
		74E942231EF7E4BF00A9152B /* AppDelegate.m in Sources */ = {isa = PBXBuildFile; fileRef = 74E942221EF7E4BF00A9152B /* AppDelegate.m */; };
		74E942261EF7E4BF00A9152B /* ViewController.m in Sources */ = {isa = PBXBuildFile; fileRef = 74E942251EF7E4BF00A9152B /* ViewController.m */; };
		74E942291EF7E4BF00A9152B /* Main.storyboard in Resources */ = {isa = PBXBuildFile; fileRef = 74E942271EF7E4BF00A9152B /* Main.storyboard */; };
		74E9422B1EF7E4BF00A9152B /* Assets.xcassets in Resources */ = {isa = PBXBuildFile; fileRef = 74E9422A1EF7E4BF00A9152B /* Assets.xcassets */; };
		74E9422E1EF7E4BF00A9152B /* LaunchScreen.storyboard in Resources */ = {isa = PBXBuildFile; fileRef = 74E9422C1EF7E4BF00A9152B /* LaunchScreen.storyboard */; };
		CB4B5A8D22771BFE41F2AC5A /* libPods-HHZUtils.a in Frameworks */ = {isa = PBXBuildFile; fileRef = 4DA000A2C5E88652A8787CB6 /* libPods-HHZUtils.a */; };
/* End PBXBuildFile section */

/* Begin PBXFileReference section */
		082207FD44606A349BABA5E3 /* Pods-HHZUtils.debug.xcconfig */ = {isa = PBXFileReference; includeInIndex = 1; lastKnownFileType = text.xcconfig; name = "Pods-HHZUtils.debug.xcconfig"; path = "Pods/Target Support Files/Pods-HHZUtils/Pods-HHZUtils.debug.xcconfig"; sourceTree = "<group>"; };
		4DA000A2C5E88652A8787CB6 /* libPods-HHZUtils.a */ = {isa = PBXFileReference; explicitFileType = archive.ar; includeInIndex = 0; path = "libPods-HHZUtils.a"; sourceTree = BUILT_PRODUCTS_DIR; };
		74C53F7A1F3360ED00FEF80E /* HHZApplicationTool.h */ = {isa = PBXFileReference; fileEncoding = 4; lastKnownFileType = sourcecode.c.h; path = HHZApplicationTool.h; sourceTree = "<group>"; };
		74C53F7B1F3360ED00FEF80E /* HHZApplicationTool.m */ = {isa = PBXFileReference; fileEncoding = 4; lastKnownFileType = sourcecode.c.objc; path = HHZApplicationTool.m; sourceTree = "<group>"; };
		74C53F7D1F3360ED00FEF80E /* HHZArchiveTool.h */ = {isa = PBXFileReference; fileEncoding = 4; lastKnownFileType = sourcecode.c.h; path = HHZArchiveTool.h; sourceTree = "<group>"; };
		74C53F7E1F3360ED00FEF80E /* HHZArchiveTool.m */ = {isa = PBXFileReference; fileEncoding = 4; lastKnownFileType = sourcecode.c.objc; path = HHZArchiveTool.m; sourceTree = "<group>"; };
		74C53F801F3360ED00FEF80E /* HHZCalculateTool.h */ = {isa = PBXFileReference; fileEncoding = 4; lastKnownFileType = sourcecode.c.h; path = HHZCalculateTool.h; sourceTree = "<group>"; };
		74C53F811F3360ED00FEF80E /* HHZCalculateTool.m */ = {isa = PBXFileReference; fileEncoding = 4; lastKnownFileType = sourcecode.c.objc; path = HHZCalculateTool.m; sourceTree = "<group>"; };
		74C53F831F3360ED00FEF80E /* HHZCookieGenerateUtil.h */ = {isa = PBXFileReference; fileEncoding = 4; lastKnownFileType = sourcecode.c.h; path = HHZCookieGenerateUtil.h; sourceTree = "<group>"; };
		74C53F841F3360ED00FEF80E /* HHZCookieGenerateUtil.m */ = {isa = PBXFileReference; fileEncoding = 4; lastKnownFileType = sourcecode.c.objc; path = HHZCookieGenerateUtil.m; sourceTree = "<group>"; };
		74C53F861F3360ED00FEF80E /* HHZDateTool.h */ = {isa = PBXFileReference; fileEncoding = 4; lastKnownFileType = sourcecode.c.h; path = HHZDateTool.h; sourceTree = "<group>"; };
		74C53F871F3360ED00FEF80E /* HHZDateTool.m */ = {isa = PBXFileReference; fileEncoding = 4; lastKnownFileType = sourcecode.c.objc; path = HHZDateTool.m; sourceTree = "<group>"; };
		74C53F881F3360ED00FEF80E /* HHZDateTool_Format.h */ = {isa = PBXFileReference; fileEncoding = 4; lastKnownFileType = sourcecode.c.h; path = HHZDateTool_Format.h; sourceTree = "<group>"; };
		74C53F891F3360ED00FEF80E /* HHZDateTool_Format.m */ = {isa = PBXFileReference; fileEncoding = 4; lastKnownFileType = sourcecode.c.objc; path = HHZDateTool_Format.m; sourceTree = "<group>"; };
		74C53F8A1F3360ED00FEF80E /* HHZDateToolFactory.h */ = {isa = PBXFileReference; fileEncoding = 4; lastKnownFileType = sourcecode.c.h; path = HHZDateToolFactory.h; sourceTree = "<group>"; };
		74C53F8B1F3360ED00FEF80E /* HHZDateToolFactory.m */ = {isa = PBXFileReference; fileEncoding = 4; lastKnownFileType = sourcecode.c.objc; path = HHZDateToolFactory.m; sourceTree = "<group>"; };
		74C53F8D1F3360ED00FEF80E /* HHZDeviceTool.h */ = {isa = PBXFileReference; fileEncoding = 4; lastKnownFileType = sourcecode.c.h; path = HHZDeviceTool.h; sourceTree = "<group>"; };
		74C53F8E1F3360ED00FEF80E /* HHZDeviceTool.m */ = {isa = PBXFileReference; fileEncoding = 4; lastKnownFileType = sourcecode.c.objc; path = HHZDeviceTool.m; sourceTree = "<group>"; };
		74C53F911F3360ED00FEF80E /* GTMBase64.h */ = {isa = PBXFileReference; fileEncoding = 4; lastKnownFileType = sourcecode.c.h; path = GTMBase64.h; sourceTree = "<group>"; };
		74C53F921F3360ED00FEF80E /* GTMBase64.m */ = {isa = PBXFileReference; fileEncoding = 4; lastKnownFileType = sourcecode.c.objc; path = GTMBase64.m; sourceTree = "<group>"; };
		74C53F931F3360ED00FEF80E /* GTMDefines.h */ = {isa = PBXFileReference; fileEncoding = 4; lastKnownFileType = sourcecode.c.h; path = GTMDefines.h; sourceTree = "<group>"; };
		74C53F941F3360ED00FEF80E /* HHZAESEncryption.h */ = {isa = PBXFileReference; fileEncoding = 4; lastKnownFileType = sourcecode.c.h; path = HHZAESEncryption.h; sourceTree = "<group>"; };
		74C53F951F3360ED00FEF80E /* HHZAESEncryption.m */ = {isa = PBXFileReference; fileEncoding = 4; lastKnownFileType = sourcecode.c.objc; path = HHZAESEncryption.m; sourceTree = "<group>"; };
		74C53F961F3360ED00FEF80E /* HHZBase64Encrption.h */ = {isa = PBXFileReference; fileEncoding = 4; lastKnownFileType = sourcecode.c.h; path = HHZBase64Encrption.h; sourceTree = "<group>"; };
		74C53F971F3360ED00FEF80E /* HHZBase64Encrption.m */ = {isa = PBXFileReference; fileEncoding = 4; lastKnownFileType = sourcecode.c.objc; path = HHZBase64Encrption.m; sourceTree = "<group>"; };
		74C53F981F3360ED00FEF80E /* HHZDESEncryption.h */ = {isa = PBXFileReference; fileEncoding = 4; lastKnownFileType = sourcecode.c.h; path = HHZDESEncryption.h; sourceTree = "<group>"; };
		74C53F991F3360ED00FEF80E /* HHZDESEncryption.m */ = {isa = PBXFileReference; fileEncoding = 4; lastKnownFileType = sourcecode.c.objc; path = HHZDESEncryption.m; sourceTree = "<group>"; };
		74C53F9A1F3360ED00FEF80E /* HHZEncrptionFactory.h */ = {isa = PBXFileReference; fileEncoding = 4; lastKnownFileType = sourcecode.c.h; path = HHZEncrptionFactory.h; sourceTree = "<group>"; };
		74C53F9B1F3360ED00FEF80E /* HHZEncrptionFactory.m */ = {isa = PBXFileReference; fileEncoding = 4; lastKnownFileType = sourcecode.c.objc; path = HHZEncrptionFactory.m; sourceTree = "<group>"; };
		74C53F9C1F3360ED00FEF80E /* HHZMD5Encryption.h */ = {isa = PBXFileReference; fileEncoding = 4; lastKnownFileType = sourcecode.c.h; path = HHZMD5Encryption.h; sourceTree = "<group>"; };
		74C53F9D1F3360ED00FEF80E /* HHZMD5Encryption.m */ = {isa = PBXFileReference; fileEncoding = 4; lastKnownFileType = sourcecode.c.objc; path = HHZMD5Encryption.m; sourceTree = "<group>"; };
		74C53F9F1F3360ED00FEF80E /* HHZMethodException.h */ = {isa = PBXFileReference; fileEncoding = 4; lastKnownFileType = sourcecode.c.h; path = HHZMethodException.h; sourceTree = "<group>"; };
		74C53FA01F3360ED00FEF80E /* HHZMethodException.m */ = {isa = PBXFileReference; fileEncoding = 4; lastKnownFileType = sourcecode.c.objc; path = HHZMethodException.m; sourceTree = "<group>"; };
		74C53FA21F3360ED00FEF80E /* HHZFileHashTool.h */ = {isa = PBXFileReference; fileEncoding = 4; lastKnownFileType = sourcecode.c.h; path = HHZFileHashTool.h; sourceTree = "<group>"; };
		74C53FA31F3360ED00FEF80E /* HHZFileHashTool.m */ = {isa = PBXFileReference; fileEncoding = 4; lastKnownFileType = sourcecode.c.objc; path = HHZFileHashTool.m; sourceTree = "<group>"; };
		74C53FA51F3360ED00FEF80E /* HHZReachabilityTool.h */ = {isa = PBXFileReference; fileEncoding = 4; lastKnownFileType = sourcecode.c.h; path = HHZReachabilityTool.h; sourceTree = "<group>"; };
		74C53FA61F3360ED00FEF80E /* HHZReachabilityTool.m */ = {isa = PBXFileReference; fileEncoding = 4; lastKnownFileType = sourcecode.c.objc; path = HHZReachabilityTool.m; sourceTree = "<group>"; };
		74C53FA81F3360ED00FEF80E /* HHZIQKeyboardManagerTool.h */ = {isa = PBXFileReference; fileEncoding = 4; lastKnownFileType = sourcecode.c.h; path = HHZIQKeyboardManagerTool.h; sourceTree = "<group>"; };
		74C53FA91F3360ED00FEF80E /* HHZIQKeyboardManagerTool.m */ = {isa = PBXFileReference; fileEncoding = 4; lastKnownFileType = sourcecode.c.objc; path = HHZIQKeyboardManagerTool.m; sourceTree = "<group>"; };
		74C53FAB1F3360ED00FEF80E /* HHZJSONTool.h */ = {isa = PBXFileReference; fileEncoding = 4; lastKnownFileType = sourcecode.c.h; path = HHZJSONTool.h; sourceTree = "<group>"; };
		74C53FAC1F3360ED00FEF80E /* HHZJSONTool.m */ = {isa = PBXFileReference; fileEncoding = 4; lastKnownFileType = sourcecode.c.objc; path = HHZJSONTool.m; sourceTree = "<group>"; };
		74C53FAE1F3360ED00FEF80E /* HHZKitTool.h */ = {isa = PBXFileReference; fileEncoding = 4; lastKnownFileType = sourcecode.c.h; path = HHZKitTool.h; sourceTree = "<group>"; };
		74C53FAF1F3360ED00FEF80E /* HHZKitTool.m */ = {isa = PBXFileReference; fileEncoding = 4; lastKnownFileType = sourcecode.c.objc; path = HHZKitTool.m; sourceTree = "<group>"; };
		74C53FB01F3360ED00FEF80E /* HHZMapTool.h */ = {isa = PBXFileReference; fileEncoding = 4; lastKnownFileType = sourcecode.c.h; path = HHZMapTool.h; sourceTree = "<group>"; };
		74C53FB11F3360ED00FEF80E /* HHZMapTool.m */ = {isa = PBXFileReference; fileEncoding = 4; lastKnownFileType = sourcecode.c.objc; path = HHZMapTool.m; sourceTree = "<group>"; };
		74C53FB21F3360ED00FEF80E /* HHZPathTool.h */ = {isa = PBXFileReference; fileEncoding = 4; lastKnownFileType = sourcecode.c.h; path = HHZPathTool.h; sourceTree = "<group>"; };
		74C53FB31F3360ED00FEF80E /* HHZPathTool.m */ = {isa = PBXFileReference; fileEncoding = 4; lastKnownFileType = sourcecode.c.objc; path = HHZPathTool.m; sourceTree = "<group>"; };
		74C53FB51F3360ED00FEF80E /* HHZLoggerTool.h */ = {isa = PBXFileReference; fileEncoding = 4; lastKnownFileType = sourcecode.c.h; path = HHZLoggerTool.h; sourceTree = "<group>"; };
		74C53FB61F3360ED00FEF80E /* HHZLoggerTool.m */ = {isa = PBXFileReference; fileEncoding = 4; lastKnownFileType = sourcecode.c.objc; path = HHZLoggerTool.m; sourceTree = "<group>"; };
		74C53FB81F3360ED00FEF80E /* HHZNumericalTool.h */ = {isa = PBXFileReference; fileEncoding = 4; lastKnownFileType = sourcecode.c.h; path = HHZNumericalTool.h; sourceTree = "<group>"; };
		74C53FB91F3360ED00FEF80E /* HHZNumericalTool.m */ = {isa = PBXFileReference; fileEncoding = 4; lastKnownFileType = sourcecode.c.objc; path = HHZNumericalTool.m; sourceTree = "<group>"; };
		74C53FBB1F3360ED00FEF80E /* HHZPlistTool.h */ = {isa = PBXFileReference; fileEncoding = 4; lastKnownFileType = sourcecode.c.h; path = HHZPlistTool.h; sourceTree = "<group>"; };
		74C53FBC1F3360ED00FEF80E /* HHZPlistTool.m */ = {isa = PBXFileReference; fileEncoding = 4; lastKnownFileType = sourcecode.c.objc; path = HHZPlistTool.m; sourceTree = "<group>"; };
		74C53FBE1F3360ED00FEF80E /* HHZRegularTool.h */ = {isa = PBXFileReference; fileEncoding = 4; lastKnownFileType = sourcecode.c.h; path = HHZRegularTool.h; sourceTree = "<group>"; };
		74C53FBF1F3360ED00FEF80E /* HHZRegularTool.m */ = {isa = PBXFileReference; fileEncoding = 4; lastKnownFileType = sourcecode.c.objc; path = HHZRegularTool.m; sourceTree = "<group>"; };
		74C53FC21F3360ED00FEF80E /* HHZThreadSafeArray.h */ = {isa = PBXFileReference; fileEncoding = 4; lastKnownFileType = sourcecode.c.h; path = HHZThreadSafeArray.h; sourceTree = "<group>"; };
		74C53FC31F3360ED00FEF80E /* HHZThreadSafeArray.m */ = {isa = PBXFileReference; fileEncoding = 4; lastKnownFileType = sourcecode.c.objc; path = HHZThreadSafeArray.m; sourceTree = "<group>"; };
		74C53FC41F3360ED00FEF80E /* HHZThreadSafeDictionary.h */ = {isa = PBXFileReference; fileEncoding = 4; lastKnownFileType = sourcecode.c.h; path = HHZThreadSafeDictionary.h; sourceTree = "<group>"; };
		74C53FC51F3360ED00FEF80E /* HHZThreadSafeDictionary.m */ = {isa = PBXFileReference; fileEncoding = 4; lastKnownFileType = sourcecode.c.objc; path = HHZThreadSafeDictionary.m; sourceTree = "<group>"; };
		74C53FE21F33611D00FEF80E /* HHZSectionIndexTool.h */ = {isa = PBXFileReference; fileEncoding = 4; lastKnownFileType = sourcecode.c.h; path = HHZSectionIndexTool.h; sourceTree = "<group>"; };
		74C53FE31F33611D00FEF80E /* HHZSectionIndexTool.m */ = {isa = PBXFileReference; fileEncoding = 4; lastKnownFileType = sourcecode.c.objc; path = HHZSectionIndexTool.m; sourceTree = "<group>"; };
		74E9421B1EF7E4BF00A9152B /* HHZUtils.app */ = {isa = PBXFileReference; explicitFileType = wrapper.application; includeInIndex = 0; path = HHZUtils.app; sourceTree = BUILT_PRODUCTS_DIR; };
		74E9421F1EF7E4BF00A9152B /* main.m */ = {isa = PBXFileReference; lastKnownFileType = sourcecode.c.objc; path = main.m; sourceTree = "<group>"; };
		74E942211EF7E4BF00A9152B /* AppDelegate.h */ = {isa = PBXFileReference; lastKnownFileType = sourcecode.c.h; path = AppDelegate.h; sourceTree = "<group>"; };
		74E942221EF7E4BF00A9152B /* AppDelegate.m */ = {isa = PBXFileReference; lastKnownFileType = sourcecode.c.objc; path = AppDelegate.m; sourceTree = "<group>"; };
		74E942241EF7E4BF00A9152B /* ViewController.h */ = {isa = PBXFileReference; lastKnownFileType = sourcecode.c.h; path = ViewController.h; sourceTree = "<group>"; };
		74E942251EF7E4BF00A9152B /* ViewController.m */ = {isa = PBXFileReference; lastKnownFileType = sourcecode.c.objc; path = ViewController.m; sourceTree = "<group>"; };
		74E942281EF7E4BF00A9152B /* Base */ = {isa = PBXFileReference; lastKnownFileType = file.storyboard; name = Base; path = Base.lproj/Main.storyboard; sourceTree = "<group>"; };
		74E9422A1EF7E4BF00A9152B /* Assets.xcassets */ = {isa = PBXFileReference; lastKnownFileType = folder.assetcatalog; path = Assets.xcassets; sourceTree = "<group>"; };
		74E9422D1EF7E4BF00A9152B /* Base */ = {isa = PBXFileReference; lastKnownFileType = file.storyboard; name = Base; path = Base.lproj/LaunchScreen.storyboard; sourceTree = "<group>"; };
		74E9422F1EF7E4BF00A9152B /* Info.plist */ = {isa = PBXFileReference; lastKnownFileType = text.plist.xml; path = Info.plist; sourceTree = "<group>"; };
		AE6424A47BA512F921C97654 /* Pods-HHZUtils.release.xcconfig */ = {isa = PBXFileReference; includeInIndex = 1; lastKnownFileType = text.xcconfig; name = "Pods-HHZUtils.release.xcconfig"; path = "Pods/Target Support Files/Pods-HHZUtils/Pods-HHZUtils.release.xcconfig"; sourceTree = "<group>"; };
/* End PBXFileReference section */

/* Begin PBXFrameworksBuildPhase section */
		74E942181EF7E4BF00A9152B /* Frameworks */ = {
			isa = PBXFrameworksBuildPhase;
			buildActionMask = 2147483647;
			files = (
				CB4B5A8D22771BFE41F2AC5A /* libPods-HHZUtils.a in Frameworks */,
			);
			runOnlyForDeploymentPostprocessing = 0;
		};
/* End PBXFrameworksBuildPhase section */

/* Begin PBXGroup section */
		74C53F781F3360ED00FEF80E /* classes */ = {
			isa = PBXGroup;
			children = (
				74C53F791F3360ED00FEF80E /* application */,
				74C53F7C1F3360ED00FEF80E /* archive */,
				74C53F7F1F3360ED00FEF80E /* calculate */,
				74C53F821F3360ED00FEF80E /* cookie */,
				74C53F851F3360ED00FEF80E /* date */,
				74C53F8C1F3360ED00FEF80E /* device */,
				74C53F8F1F3360ED00FEF80E /* encryption */,
				74C53F9E1F3360ED00FEF80E /* exception */,
				74C53FA11F3360ED00FEF80E /* file */,
				74C53FA41F3360ED00FEF80E /* http */,
				74C53FA71F3360ED00FEF80E /* IQKeyboardManager */,
				74C53FAA1F3360ED00FEF80E /* json */,
				74C53FAD1F3360ED00FEF80E /* kit */,
				74C53FB41F3360ED00FEF80E /* logger */,
				74C53FB71F3360ED00FEF80E /* numerical */,
				74C53FBA1F3360ED00FEF80E /* plist */,
				74C53FBD1F3360ED00FEF80E /* regular */,
				74C53FC01F3360ED00FEF80E /* sectionIndex */,
				74C53FC11F3360ED00FEF80E /* system */,
			);
			path = classes;
			sourceTree = "<group>";
		};
		74C53F791F3360ED00FEF80E /* application */ = {
			isa = PBXGroup;
			children = (
				74C53F7A1F3360ED00FEF80E /* HHZApplicationTool.h */,
				74C53F7B1F3360ED00FEF80E /* HHZApplicationTool.m */,
			);
			path = application;
			sourceTree = "<group>";
		};
		74C53F7C1F3360ED00FEF80E /* archive */ = {
			isa = PBXGroup;
			children = (
				74C53F7D1F3360ED00FEF80E /* HHZArchiveTool.h */,
				74C53F7E1F3360ED00FEF80E /* HHZArchiveTool.m */,
			);
			path = archive;
			sourceTree = "<group>";
		};
		74C53F7F1F3360ED00FEF80E /* calculate */ = {
			isa = PBXGroup;
			children = (
				74C53F801F3360ED00FEF80E /* HHZCalculateTool.h */,
				74C53F811F3360ED00FEF80E /* HHZCalculateTool.m */,
			);
			path = calculate;
			sourceTree = "<group>";
		};
		74C53F821F3360ED00FEF80E /* cookie */ = {
			isa = PBXGroup;
			children = (
				74C53F831F3360ED00FEF80E /* HHZCookieGenerateUtil.h */,
				74C53F841F3360ED00FEF80E /* HHZCookieGenerateUtil.m */,
			);
			path = cookie;
			sourceTree = "<group>";
		};
		74C53F851F3360ED00FEF80E /* date */ = {
			isa = PBXGroup;
			children = (
				74C53F861F3360ED00FEF80E /* HHZDateTool.h */,
				74C53F871F3360ED00FEF80E /* HHZDateTool.m */,
				74C53F881F3360ED00FEF80E /* HHZDateTool_Format.h */,
				74C53F891F3360ED00FEF80E /* HHZDateTool_Format.m */,
				74C53F8A1F3360ED00FEF80E /* HHZDateToolFactory.h */,
				74C53F8B1F3360ED00FEF80E /* HHZDateToolFactory.m */,
			);
			path = date;
			sourceTree = "<group>";
		};
		74C53F8C1F3360ED00FEF80E /* device */ = {
			isa = PBXGroup;
			children = (
				74C53F8D1F3360ED00FEF80E /* HHZDeviceTool.h */,
				74C53F8E1F3360ED00FEF80E /* HHZDeviceTool.m */,
			);
			path = device;
			sourceTree = "<group>";
		};
		74C53F8F1F3360ED00FEF80E /* encryption */ = {
			isa = PBXGroup;
			children = (
				74C53F901F3360ED00FEF80E /* GTMBase64 */,
				74C53F941F3360ED00FEF80E /* HHZAESEncryption.h */,
				74C53F951F3360ED00FEF80E /* HHZAESEncryption.m */,
				74C53F961F3360ED00FEF80E /* HHZBase64Encrption.h */,
				74C53F971F3360ED00FEF80E /* HHZBase64Encrption.m */,
				74C53F981F3360ED00FEF80E /* HHZDESEncryption.h */,
				74C53F991F3360ED00FEF80E /* HHZDESEncryption.m */,
				74C53F9A1F3360ED00FEF80E /* HHZEncrptionFactory.h */,
				74C53F9B1F3360ED00FEF80E /* HHZEncrptionFactory.m */,
				74C53F9C1F3360ED00FEF80E /* HHZMD5Encryption.h */,
				74C53F9D1F3360ED00FEF80E /* HHZMD5Encryption.m */,
			);
			path = encryption;
			sourceTree = "<group>";
		};
		74C53F901F3360ED00FEF80E /* GTMBase64 */ = {
			isa = PBXGroup;
			children = (
				74C53F911F3360ED00FEF80E /* GTMBase64.h */,
				74C53F921F3360ED00FEF80E /* GTMBase64.m */,
				74C53F931F3360ED00FEF80E /* GTMDefines.h */,
			);
			path = GTMBase64;
			sourceTree = "<group>";
		};
		74C53F9E1F3360ED00FEF80E /* exception */ = {
			isa = PBXGroup;
			children = (
				74C53F9F1F3360ED00FEF80E /* HHZMethodException.h */,
				74C53FA01F3360ED00FEF80E /* HHZMethodException.m */,
			);
			path = exception;
			sourceTree = "<group>";
		};
		74C53FA11F3360ED00FEF80E /* file */ = {
			isa = PBXGroup;
			children = (
				74C53FA21F3360ED00FEF80E /* HHZFileHashTool.h */,
				74C53FA31F3360ED00FEF80E /* HHZFileHashTool.m */,
			);
			path = file;
			sourceTree = "<group>";
		};
		74C53FA41F3360ED00FEF80E /* http */ = {
			isa = PBXGroup;
			children = (
				74C53FA51F3360ED00FEF80E /* HHZReachabilityTool.h */,
				74C53FA61F3360ED00FEF80E /* HHZReachabilityTool.m */,
			);
			path = http;
			sourceTree = "<group>";
		};
		74C53FA71F3360ED00FEF80E /* IQKeyboardManager */ = {
			isa = PBXGroup;
			children = (
				74C53FA81F3360ED00FEF80E /* HHZIQKeyboardManagerTool.h */,
				74C53FA91F3360ED00FEF80E /* HHZIQKeyboardManagerTool.m */,
			);
			path = IQKeyboardManager;
			sourceTree = "<group>";
		};
		74C53FAA1F3360ED00FEF80E /* json */ = {
			isa = PBXGroup;
			children = (
				74C53FAB1F3360ED00FEF80E /* HHZJSONTool.h */,
				74C53FAC1F3360ED00FEF80E /* HHZJSONTool.m */,
			);
			path = json;
			sourceTree = "<group>";
		};
		74C53FAD1F3360ED00FEF80E /* kit */ = {
			isa = PBXGroup;
			children = (
				74C53FAE1F3360ED00FEF80E /* HHZKitTool.h */,
				74C53FAF1F3360ED00FEF80E /* HHZKitTool.m */,
				74C53FB01F3360ED00FEF80E /* HHZMapTool.h */,
				74C53FB11F3360ED00FEF80E /* HHZMapTool.m */,
				74C53FB21F3360ED00FEF80E /* HHZPathTool.h */,
				74C53FB31F3360ED00FEF80E /* HHZPathTool.m */,
			);
			path = kit;
			sourceTree = "<group>";
		};
		74C53FB41F3360ED00FEF80E /* logger */ = {
			isa = PBXGroup;
			children = (
				74C53FB51F3360ED00FEF80E /* HHZLoggerTool.h */,
				74C53FB61F3360ED00FEF80E /* HHZLoggerTool.m */,
			);
			path = logger;
			sourceTree = "<group>";
		};
		74C53FB71F3360ED00FEF80E /* numerical */ = {
			isa = PBXGroup;
			children = (
				74C53FB81F3360ED00FEF80E /* HHZNumericalTool.h */,
				74C53FB91F3360ED00FEF80E /* HHZNumericalTool.m */,
			);
			path = numerical;
			sourceTree = "<group>";
		};
		74C53FBA1F3360ED00FEF80E /* plist */ = {
			isa = PBXGroup;
			children = (
				74C53FBB1F3360ED00FEF80E /* HHZPlistTool.h */,
				74C53FBC1F3360ED00FEF80E /* HHZPlistTool.m */,
			);
			path = plist;
			sourceTree = "<group>";
		};
		74C53FBD1F3360ED00FEF80E /* regular */ = {
			isa = PBXGroup;
			children = (
				74C53FBE1F3360ED00FEF80E /* HHZRegularTool.h */,
				74C53FBF1F3360ED00FEF80E /* HHZRegularTool.m */,
			);
			path = regular;
			sourceTree = "<group>";
		};
		74C53FC01F3360ED00FEF80E /* sectionIndex */ = {
			isa = PBXGroup;
			children = (
				74C53FE21F33611D00FEF80E /* HHZSectionIndexTool.h */,
				74C53FE31F33611D00FEF80E /* HHZSectionIndexTool.m */,
			);
			path = sectionIndex;
			sourceTree = "<group>";
		};
		74C53FC11F3360ED00FEF80E /* system */ = {
			isa = PBXGroup;
			children = (
				74C53FC21F3360ED00FEF80E /* HHZThreadSafeArray.h */,
				74C53FC31F3360ED00FEF80E /* HHZThreadSafeArray.m */,
				74C53FC41F3360ED00FEF80E /* HHZThreadSafeDictionary.h */,
				74C53FC51F3360ED00FEF80E /* HHZThreadSafeDictionary.m */,
			);
			path = system;
			sourceTree = "<group>";
		};
		74E942121EF7E4BF00A9152B = {
			isa = PBXGroup;
			children = (
				74E9421D1EF7E4BF00A9152B /* HHZUtils */,
				74E9421C1EF7E4BF00A9152B /* Products */,
				BD0A3333D178D7D1D05D56C6 /* Pods */,
				BAE18A765A9B49DEC7D6487E /* Frameworks */,
			);
			sourceTree = "<group>";
		};
		74E9421C1EF7E4BF00A9152B /* Products */ = {
			isa = PBXGroup;
			children = (
				74E9421B1EF7E4BF00A9152B /* HHZUtils.app */,
			);
			name = Products;
			sourceTree = "<group>";
		};
		74E9421D1EF7E4BF00A9152B /* HHZUtils */ = {
			isa = PBXGroup;
			children = (
				74C53F781F3360ED00FEF80E /* classes */,
				74E942211EF7E4BF00A9152B /* AppDelegate.h */,
				74E942221EF7E4BF00A9152B /* AppDelegate.m */,
				74E942241EF7E4BF00A9152B /* ViewController.h */,
				74E942251EF7E4BF00A9152B /* ViewController.m */,
				74E942271EF7E4BF00A9152B /* Main.storyboard */,
				74E9422A1EF7E4BF00A9152B /* Assets.xcassets */,
				74E9422C1EF7E4BF00A9152B /* LaunchScreen.storyboard */,
				74E9422F1EF7E4BF00A9152B /* Info.plist */,
				74E9421E1EF7E4BF00A9152B /* Supporting Files */,
			);
			path = HHZUtils;
			sourceTree = "<group>";
		};
		74E9421E1EF7E4BF00A9152B /* Supporting Files */ = {
			isa = PBXGroup;
			children = (
				74E9421F1EF7E4BF00A9152B /* main.m */,
			);
			name = "Supporting Files";
			sourceTree = "<group>";
		};
		BAE18A765A9B49DEC7D6487E /* Frameworks */ = {
			isa = PBXGroup;
			children = (
				4DA000A2C5E88652A8787CB6 /* libPods-HHZUtils.a */,
			);
			name = Frameworks;
			sourceTree = "<group>";
		};
		BD0A3333D178D7D1D05D56C6 /* Pods */ = {
			isa = PBXGroup;
			children = (
				082207FD44606A349BABA5E3 /* Pods-HHZUtils.debug.xcconfig */,
				AE6424A47BA512F921C97654 /* Pods-HHZUtils.release.xcconfig */,
			);
			name = Pods;
			sourceTree = "<group>";
		};
/* End PBXGroup section */

/* Begin PBXNativeTarget section */
		74E9421A1EF7E4BF00A9152B /* HHZUtils */ = {
			isa = PBXNativeTarget;
			buildConfigurationList = 74E942321EF7E4BF00A9152B /* Build configuration list for PBXNativeTarget "HHZUtils" */;
			buildPhases = (
				53FD0E63BDB3032EC7688343 /* [CP] Check Pods Manifest.lock */,
				74E942171EF7E4BF00A9152B /* Sources */,
				74E942181EF7E4BF00A9152B /* Frameworks */,
				74E942191EF7E4BF00A9152B /* Resources */,
				36F037D1A43FA2B97F21D9DB /* [CP] Embed Pods Frameworks */,
				0D165D85473F6F95E8453066 /* [CP] Copy Pods Resources */,
			);
			buildRules = (
			);
			dependencies = (
			);
			name = HHZUtils;
			productName = HHZUtils;
			productReference = 74E9421B1EF7E4BF00A9152B /* HHZUtils.app */;
			productType = "com.apple.product-type.application";
		};
/* End PBXNativeTarget section */

/* Begin PBXProject section */
		74E942131EF7E4BF00A9152B /* Project object */ = {
			isa = PBXProject;
			attributes = {
				LastUpgradeCheck = 0830;
				ORGANIZATIONNAME = "陈哲是个好孩子";
				TargetAttributes = {
					74E9421A1EF7E4BF00A9152B = {
						CreatedOnToolsVersion = 8.3.3;
						DevelopmentTeam = P5LP3WSZUP;
						ProvisioningStyle = Automatic;
					};
				};
			};
			buildConfigurationList = 74E942161EF7E4BF00A9152B /* Build configuration list for PBXProject "HHZUtils" */;
			compatibilityVersion = "Xcode 3.2";
			developmentRegion = English;
			hasScannedForEncodings = 0;
			knownRegions = (
				en,
				Base,
			);
			mainGroup = 74E942121EF7E4BF00A9152B;
			productRefGroup = 74E9421C1EF7E4BF00A9152B /* Products */;
			projectDirPath = "";
			projectRoot = "";
			targets = (
				74E9421A1EF7E4BF00A9152B /* HHZUtils */,
			);
		};
/* End PBXProject section */

/* Begin PBXResourcesBuildPhase section */
		74E942191EF7E4BF00A9152B /* Resources */ = {
			isa = PBXResourcesBuildPhase;
			buildActionMask = 2147483647;
			files = (
				74E9422E1EF7E4BF00A9152B /* LaunchScreen.storyboard in Resources */,
				74E9422B1EF7E4BF00A9152B /* Assets.xcassets in Resources */,
				74E942291EF7E4BF00A9152B /* Main.storyboard in Resources */,
			);
			runOnlyForDeploymentPostprocessing = 0;
		};
/* End PBXResourcesBuildPhase section */

/* Begin PBXShellScriptBuildPhase section */
		0D165D85473F6F95E8453066 /* [CP] Copy Pods Resources */ = {
			isa = PBXShellScriptBuildPhase;
			buildActionMask = 2147483647;
			files = (
			);
			inputPaths = (
			);
			name = "[CP] Copy Pods Resources";
			outputPaths = (
			);
			runOnlyForDeploymentPostprocessing = 0;
			shellPath = /bin/sh;
			shellScript = "\"${SRCROOT}/Pods/Target Support Files/Pods-HHZUtils/Pods-HHZUtils-resources.sh\"\n";
			showEnvVarsInLog = 0;
		};
		36F037D1A43FA2B97F21D9DB /* [CP] Embed Pods Frameworks */ = {
			isa = PBXShellScriptBuildPhase;
			buildActionMask = 2147483647;
			files = (
			);
			inputPaths = (
			);
			name = "[CP] Embed Pods Frameworks";
			outputPaths = (
			);
			runOnlyForDeploymentPostprocessing = 0;
			shellPath = /bin/sh;
			shellScript = "\"${SRCROOT}/Pods/Target Support Files/Pods-HHZUtils/Pods-HHZUtils-frameworks.sh\"\n";
			showEnvVarsInLog = 0;
		};
		53FD0E63BDB3032EC7688343 /* [CP] Check Pods Manifest.lock */ = {
			isa = PBXShellScriptBuildPhase;
			buildActionMask = 2147483647;
			files = (
			);
			inputPaths = (
			);
			name = "[CP] Check Pods Manifest.lock";
			outputPaths = (
			);
			runOnlyForDeploymentPostprocessing = 0;
			shellPath = /bin/sh;
			shellScript = "diff \"${PODS_PODFILE_DIR_PATH}/Podfile.lock\" \"${PODS_ROOT}/Manifest.lock\" > /dev/null\nif [ $? != 0 ] ; then\n    # print error to STDERR\n    echo \"error: The sandbox is not in sync with the Podfile.lock. Run 'pod install' or update your CocoaPods installation.\" >&2\n    exit 1\nfi\n";
			showEnvVarsInLog = 0;
		};
/* End PBXShellScriptBuildPhase section */

/* Begin PBXSourcesBuildPhase section */
		74E942171EF7E4BF00A9152B /* Sources */ = {
			isa = PBXSourcesBuildPhase;
			buildActionMask = 2147483647;
			files = (
				74C53FD31F3360ED00FEF80E /* HHZMD5Encryption.m in Sources */,
				74C53FCF1F3360ED00FEF80E /* HHZAESEncryption.m in Sources */,
				74C53FD11F3360ED00FEF80E /* HHZDESEncryption.m in Sources */,
				74C53FDB1F3360ED00FEF80E /* HHZPathTool.m in Sources */,
				74C53FC91F3360ED00FEF80E /* HHZCookieGenerateUtil.m in Sources */,
				74C53FE41F33611D00FEF80E /* HHZSectionIndexTool.m in Sources */,
				74C53FC71F3360ED00FEF80E /* HHZArchiveTool.m in Sources */,
				74C53FD21F3360ED00FEF80E /* HHZEncrptionFactory.m in Sources */,
				74E942261EF7E4BF00A9152B /* ViewController.m in Sources */,
				74C53FDC1F3360ED00FEF80E /* HHZLoggerTool.m in Sources */,
				74C53FCB1F3360ED00FEF80E /* HHZDateTool_Format.m in Sources */,
				74C53FD71F3360ED00FEF80E /* HHZIQKeyboardManagerTool.m in Sources */,
				74C53FE11F3360ED00FEF80E /* HHZThreadSafeDictionary.m in Sources */,
				74E942231EF7E4BF00A9152B /* AppDelegate.m in Sources */,
				74C53FD61F3360ED00FEF80E /* HHZReachabilityTool.m in Sources */,
				74C53FDD1F3360ED00FEF80E /* HHZNumericalTool.m in Sources */,
				74E942201EF7E4BF00A9152B /* main.m in Sources */,
				74C53FC61F3360ED00FEF80E /* HHZApplicationTool.m in Sources */,
				74C53FDA1F3360ED00FEF80E /* HHZMapTool.m in Sources */,
				74C53FCE1F3360ED00FEF80E /* GTMBase64.m in Sources */,
				74C53FCD1F3360ED00FEF80E /* HHZDeviceTool.m in Sources */,
				74C53FD41F3360ED00FEF80E /* HHZMethodException.m in Sources */,
				74C53FD81F3360ED00FEF80E /* HHZJSONTool.m in Sources */,
				74C53FCC1F3360ED00FEF80E /* HHZDateToolFactory.m in Sources */,
				74C53FCA1F3360ED00FEF80E /* HHZDateTool.m in Sources */,
				74C53FD91F3360ED00FEF80E /* HHZKitTool.m in Sources */,
				74C53FD01F3360ED00FEF80E /* HHZBase64Encrption.m in Sources */,
				74C53FDE1F3360ED00FEF80E /* HHZPlistTool.m in Sources */,
				74C53FC81F3360ED00FEF80E /* HHZCalculateTool.m in Sources */,
				74C53FDF1F3360ED00FEF80E /* HHZRegularTool.m in Sources */,
				74C53FD51F3360ED00FEF80E /* HHZFileHashTool.m in Sources */,
				74C53FE01F3360ED00FEF80E /* HHZThreadSafeArray.m in Sources */,
			);
			runOnlyForDeploymentPostprocessing = 0;
		};
/* End PBXSourcesBuildPhase section */

/* Begin PBXVariantGroup section */
		74E942271EF7E4BF00A9152B /* Main.storyboard */ = {
			isa = PBXVariantGroup;
			children = (
				74E942281EF7E4BF00A9152B /* Base */,
			);
			name = Main.storyboard;
			sourceTree = "<group>";
		};
		74E9422C1EF7E4BF00A9152B /* LaunchScreen.storyboard */ = {
			isa = PBXVariantGroup;
			children = (
				74E9422D1EF7E4BF00A9152B /* Base */,
			);
			name = LaunchScreen.storyboard;
			sourceTree = "<group>";
		};
/* End PBXVariantGroup section */

/* Begin XCBuildConfiguration section */
		74E942301EF7E4BF00A9152B /* Debug */ = {
			isa = XCBuildConfiguration;
			buildSettings = {
				ALWAYS_SEARCH_USER_PATHS = NO;
				CLANG_ANALYZER_NONNULL = YES;
				CLANG_ANALYZER_NUMBER_OBJECT_CONVERSION = YES_AGGRESSIVE;
				CLANG_CXX_LANGUAGE_STANDARD = "gnu++0x";
				CLANG_CXX_LIBRARY = "libc++";
				CLANG_ENABLE_MODULES = YES;
				CLANG_ENABLE_OBJC_ARC = YES;
				CLANG_WARN_BOOL_CONVERSION = YES;
				CLANG_WARN_CONSTANT_CONVERSION = YES;
				CLANG_WARN_DIRECT_OBJC_ISA_USAGE = YES_ERROR;
				CLANG_WARN_DOCUMENTATION_COMMENTS = YES;
				CLANG_WARN_EMPTY_BODY = YES;
				CLANG_WARN_ENUM_CONVERSION = YES;
				CLANG_WARN_INFINITE_RECURSION = YES;
				CLANG_WARN_INT_CONVERSION = YES;
				CLANG_WARN_OBJC_ROOT_CLASS = YES_ERROR;
				CLANG_WARN_SUSPICIOUS_MOVE = YES;
				CLANG_WARN_UNREACHABLE_CODE = YES;
				CLANG_WARN__DUPLICATE_METHOD_MATCH = YES;
				"CODE_SIGN_IDENTITY[sdk=iphoneos*]" = "iPhone Developer";
				COPY_PHASE_STRIP = NO;
				DEBUG_INFORMATION_FORMAT = dwarf;
				ENABLE_STRICT_OBJC_MSGSEND = YES;
				ENABLE_TESTABILITY = YES;
				GCC_C_LANGUAGE_STANDARD = gnu99;
				GCC_DYNAMIC_NO_PIC = NO;
				GCC_NO_COMMON_BLOCKS = YES;
				GCC_OPTIMIZATION_LEVEL = 0;
				GCC_PREPROCESSOR_DEFINITIONS = (
					"DEBUG=1",
					"$(inherited)",
				);
				GCC_WARN_64_TO_32_BIT_CONVERSION = YES;
				GCC_WARN_ABOUT_RETURN_TYPE = YES_ERROR;
				GCC_WARN_UNDECLARED_SELECTOR = YES;
				GCC_WARN_UNINITIALIZED_AUTOS = YES_AGGRESSIVE;
				GCC_WARN_UNUSED_FUNCTION = YES;
				GCC_WARN_UNUSED_VARIABLE = YES;
				IPHONEOS_DEPLOYMENT_TARGET = 10.3;
				MTL_ENABLE_DEBUG_INFO = YES;
				ONLY_ACTIVE_ARCH = YES;
				SDKROOT = iphoneos;
			};
			name = Debug;
		};
		74E942311EF7E4BF00A9152B /* Release */ = {
			isa = XCBuildConfiguration;
			buildSettings = {
				ALWAYS_SEARCH_USER_PATHS = NO;
				CLANG_ANALYZER_NONNULL = YES;
				CLANG_ANALYZER_NUMBER_OBJECT_CONVERSION = YES_AGGRESSIVE;
				CLANG_CXX_LANGUAGE_STANDARD = "gnu++0x";
				CLANG_CXX_LIBRARY = "libc++";
				CLANG_ENABLE_MODULES = YES;
				CLANG_ENABLE_OBJC_ARC = YES;
				CLANG_WARN_BOOL_CONVERSION = YES;
				CLANG_WARN_CONSTANT_CONVERSION = YES;
				CLANG_WARN_DIRECT_OBJC_ISA_USAGE = YES_ERROR;
				CLANG_WARN_DOCUMENTATION_COMMENTS = YES;
				CLANG_WARN_EMPTY_BODY = YES;
				CLANG_WARN_ENUM_CONVERSION = YES;
				CLANG_WARN_INFINITE_RECURSION = YES;
				CLANG_WARN_INT_CONVERSION = YES;
				CLANG_WARN_OBJC_ROOT_CLASS = YES_ERROR;
				CLANG_WARN_SUSPICIOUS_MOVE = YES;
				CLANG_WARN_UNREACHABLE_CODE = YES;
				CLANG_WARN__DUPLICATE_METHOD_MATCH = YES;
				"CODE_SIGN_IDENTITY[sdk=iphoneos*]" = "iPhone Developer";
				COPY_PHASE_STRIP = NO;
				DEBUG_INFORMATION_FORMAT = "dwarf-with-dsym";
				ENABLE_NS_ASSERTIONS = NO;
				ENABLE_STRICT_OBJC_MSGSEND = YES;
				GCC_C_LANGUAGE_STANDARD = gnu99;
				GCC_NO_COMMON_BLOCKS = YES;
				GCC_WARN_64_TO_32_BIT_CONVERSION = YES;
				GCC_WARN_ABOUT_RETURN_TYPE = YES_ERROR;
				GCC_WARN_UNDECLARED_SELECTOR = YES;
				GCC_WARN_UNINITIALIZED_AUTOS = YES_AGGRESSIVE;
				GCC_WARN_UNUSED_FUNCTION = YES;
				GCC_WARN_UNUSED_VARIABLE = YES;
				IPHONEOS_DEPLOYMENT_TARGET = 10.3;
				MTL_ENABLE_DEBUG_INFO = NO;
				SDKROOT = iphoneos;
				VALIDATE_PRODUCT = YES;
			};
			name = Release;
		};
		74E942331EF7E4BF00A9152B /* Debug */ = {
			isa = XCBuildConfiguration;
			baseConfigurationReference = 082207FD44606A349BABA5E3 /* Pods-HHZUtils.debug.xcconfig */;
			buildSettings = {
				ASSETCATALOG_COMPILER_APPICON_NAME = AppIcon;
				DEVELOPMENT_TEAM = P5LP3WSZUP;
				INFOPLIST_FILE = HHZUtils/Info.plist;
				IPHONEOS_DEPLOYMENT_TARGET = 8.0;
				LD_RUNPATH_SEARCH_PATHS = "$(inherited) @executable_path/Frameworks";
				PRODUCT_BUNDLE_IDENTIFIER = com.chenzhe.HHZUtils;
				PRODUCT_NAME = "$(TARGET_NAME)";
				WARNING_CFLAGS = "-Wno-documentation";
			};
			name = Debug;
		};
		74E942341EF7E4BF00A9152B /* Release */ = {
			isa = XCBuildConfiguration;
			baseConfigurationReference = AE6424A47BA512F921C97654 /* Pods-HHZUtils.release.xcconfig */;
			buildSettings = {
				ASSETCATALOG_COMPILER_APPICON_NAME = AppIcon;
				DEVELOPMENT_TEAM = P5LP3WSZUP;
				INFOPLIST_FILE = HHZUtils/Info.plist;
				IPHONEOS_DEPLOYMENT_TARGET = 8.0;
				LD_RUNPATH_SEARCH_PATHS = "$(inherited) @executable_path/Frameworks";
				PRODUCT_BUNDLE_IDENTIFIER = com.chenzhe.HHZUtils;
				PRODUCT_NAME = "$(TARGET_NAME)";
				WARNING_CFLAGS = "-Wno-documentation";
			};
			name = Release;
		};
/* End XCBuildConfiguration section */

/* Begin XCConfigurationList section */
		74E942161EF7E4BF00A9152B /* Build configuration list for PBXProject "HHZUtils" */ = {
			isa = XCConfigurationList;
			buildConfigurations = (
				74E942301EF7E4BF00A9152B /* Debug */,
				74E942311EF7E4BF00A9152B /* Release */,
			);
			defaultConfigurationIsVisible = 0;
			defaultConfigurationName = Release;
		};
		74E942321EF7E4BF00A9152B /* Build configuration list for PBXNativeTarget "HHZUtils" */ = {
			isa = XCConfigurationList;
			buildConfigurations = (
				74E942331EF7E4BF00A9152B /* Debug */,
				74E942341EF7E4BF00A9152B /* Release */,
			);
			defaultConfigurationIsVisible = 0;
			defaultConfigurationName = Release;
		};
/* End XCConfigurationList section */
	};
	rootObject = 74E942131EF7E4BF00A9152B /* Project object */;
}
